lockfileVersion: 5.4

specifiers:
  '@effect/data': ^0.12.2
  '@effect/io': ^0.20.0
  '@effect/query': ^0.7.0
  '@effect/schema': ^0.12.1
  prettier: ^2.8.7
  typescript: ^5.0.4

dependencies:
  '@effect/data': 0.12.2
  '@effect/io': 0.20.0
  '@effect/query': 0.7.0
  '@effect/schema': 0.12.1

devDependencies:
  prettier: 2.8.7
  typescript: 5.0.4

packages:

  /@effect/data/0.12.2:
    resolution: {integrity: sha512-bmWRTcsSRG1FlBswT+D8SxW6r3c4B3pKJrjYfitCD03tXHnup5gLHaWqbFgIjiyYITS+UsJRRjVrNxvyGG4ZNQ==}
    dev: false

  /@effect/io/0.20.0:
    resolution: {integrity: sha512-6ECG566e0ZjvDQO5/KbZtQpplZiSTT+ERnxd7dEC1WjC5cF6uIICMBGWljgL5hBOEpV8p/UHs00anKxTlYomXg==}
    dependencies:
      '@effect/data': 0.12.2
    dev: false

  /@effect/query/0.7.0:
    resolution: {integrity: sha512-xiOYvX1WEVelZCY9LEpVjLe0FqBEfsEP0UaTtmuaH+j/fw1LDaCXqg0Wd+p/4BO1shBmv7xNOJAMZimzOgjZXw==}
    dependencies:
      '@effect/data': 0.12.2
      '@effect/io': 0.20.0
    dev: false

  /@effect/schema/0.12.1:
    resolution: {integrity: sha512-ZW2+d4wIJChhpWKh3NUZpwC/GRllQSFjmOXMz3SL0XryoVt+xVosYZmowd5ufrPvttxk9BNZy/u41RjeFXp3GA==}
    dependencies:
      '@effect/data': 0.12.2
      '@effect/io': 0.20.0
      fast-check: 3.8.0
    dev: false

  /fast-check/3.8.0:
    resolution: {integrity: sha512-Mz6k/+bton0iMXdIaqG/ow81oUCYxIDtmGUvf1Q/9O5QhiLI6T9JaCNEr4Y6LfMOpY/jBUfo8hK+3qd5sGfTfw==}
    engines: {node: '>=8.0.0'}
    dependencies:
      pure-rand: 6.0.1
    dev: false

  /prettier/2.8.7:
    resolution: {integrity: sha512-yPngTo3aXUUmyuTjeTUT75txrf+aMh9FiD7q9ZE/i6r0bPb22g4FsE6Y338PQX1bmfy08i9QQCB7/rcUAVntfw==}
    engines: {node: '>=10.13.0'}
    hasBin: true
    dev: true

  /pure-rand/6.0.1:
    resolution: {integrity: sha512-t+x1zEHDjBwkDGY5v5ApnZ/utcd4XYDiJsaQQoptTXgUXX95sDg1elCdJghzicm7n2mbCBJ3uYWr6M22SO19rg==}
    dev: false

  /typescript/5.0.4:
    resolution: {integrity: sha512-cW9T5W9xY37cc+jfEnaUvX91foxtHkza3Nw3wkoF4sSlKn0MONdkdEndig/qPBWXNkmplh3NzayQzCiHM4/hqw==}
    engines: {node: '>=12.20'}
    hasBin: true
    dev: true
