lockfileVersion: 5.4

specifiers:
  '@effect/data': ^0.5.0
  '@effect/io': ^0.10.0
  '@effect/query': ^0.3.0
  '@effect/schema': ^0.2.1
  prettier: ^2.8.5
  typescript: ^5.0.2

dependencies:
  '@effect/data': 0.5.0
  '@effect/io': 0.10.0
  '@effect/query': 0.3.0
  '@effect/schema': 0.2.1

devDependencies:
  prettier: 2.8.5
  typescript: 5.0.2

packages:

  /@effect/data/0.4.1:
    resolution: {integrity: sha512-FdQ0qbYL7t+GP5eWdAPC+oeN2w3zqnujrdDLp/sj58UtMxFSHg21crprmbmiAJAWsL5EdB9aZzcisBGn382xHg==}
    dev: false

  /@effect/data/0.5.0:
    resolution: {integrity: sha512-9yuEyx19MCt4cCUlqJMgtiDxuAVlm9oA14IS4AtsG7Xip/8uKcmxSfynKfiDuPWJukA2QHR54blUzewqBxupvQ==}
    dev: false

  /@effect/io/0.10.0:
    resolution: {integrity: sha512-zNST2PjJlbpzle/zCUpui3Ttp8By8Z9gDfRpy6o//ejgL2CCd0G4VflZ74Hy3L8w/GLCVUXput52DfB5bxEsqA==}
    dependencies:
      '@effect/data': 0.5.0
    dev: false

  /@effect/query/0.3.0:
    resolution: {integrity: sha512-yGKEWuncw307qG/s7ZRi4YQqMpRG9QaLsy/iW66jenjpyOG57ZG3Q8MmJ4lscA2TG+huNyTj111BMy8aj+LoZQ==}
    dependencies:
      '@effect/data': 0.5.0
      '@effect/io': 0.10.0
    dev: false

  /@effect/schema/0.2.1:
    resolution: {integrity: sha512-ZaSUaIDD5rgGnl3j+XtoDO1ARUbjCWTbGdMQoaYQJrf/0NtovYVTGnEzIAqXBvi2pMw3suGsP7KQyHToHY8NHg==}
    dependencies:
      '@effect/data': 0.4.1
      fast-check: 3.7.1
    dev: false

  /fast-check/3.7.1:
    resolution: {integrity: sha512-d63EsxP1eedA+x94xNxIpTWtBShq95KL6ZSrKTD0Pp1lPASmajAaDHJ71c5ebwZ+vBzlTt3AOalcAnBzL7PQ6Q==}
    engines: {node: '>=8.0.0'}
    dependencies:
      pure-rand: 6.0.1
    dev: false

  /prettier/2.8.5:
    resolution: {integrity: sha512-3gzuxrHbKUePRBB4ZeU08VNkUcqEHaUaouNt0m7LGP4Hti/NuB07C7PPTM/LkWqXoJYJn2McEo5+kxPNrtQkLQ==}
    engines: {node: '>=10.13.0'}
    hasBin: true
    dev: true

  /pure-rand/6.0.1:
    resolution: {integrity: sha512-t+x1zEHDjBwkDGY5v5ApnZ/utcd4XYDiJsaQQoptTXgUXX95sDg1elCdJghzicm7n2mbCBJ3uYWr6M22SO19rg==}
    dev: false

  /typescript/5.0.2:
    resolution: {integrity: sha512-wVORMBGO/FAs/++blGNeAVdbNKtIh1rbBL2EyQ1+J9lClJ93KiiKe8PmFIVdXhHcyv44SL9oglmfeSsndo0jRw==}
    engines: {node: '>=12.20'}
    hasBin: true
    dev: true
